
Microsoft Visual Studio Solution File, Format Version 12.00
# Visual Studio Version 16
VisualStudioVersion = 16.0.30717.126
MinimumVisualStudioVersion = 10.0.40219.1
Project("{9A19103F-16F7-4668-BE54-9A1E7A4F7556}") = "Estrutura_C_Sharp", "Estrutura_C_Sharp\Estrutura_C_Sharp.csproj", "{1DBCC88F-66DB-498F-9294-0F9E5A8BE8C4}"
EndProject
Project("{FAE04EC0-301F-11D3-BF4B-00C04F79EFBC}") = "ExceptionStream", "ExceptionStream\ExceptionStream.csproj", "{AA678FAE-AB05-4070-97E0-BB2C5EB3ECC5}"
EndProject
Global
	GlobalSection(SolutionConfigurationPlatforms) = preSolution
		Debug|Any CPU = Debug|Any CPU
		Release|Any CPU = Release|Any CPU
	EndGlobalSection
	GlobalSection(ProjectConfigurationPlatforms) = postSolution
		{1DBCC88F-66DB-498F-9294-0F9E5A8BE8C4}.Debug|Any CPU.ActiveCfg = Debug|Any CPU
		{1DBCC88F-66DB-498F-9294-0F9E5A8BE8C4}.Debug|Any CPU.Build.0 = Debug|Any CPU
		{1DBCC88F-66DB-498F-9294-0F9E5A8BE8C4}.Release|Any CPU.ActiveCfg = Release|Any CPU
		{1DBCC88F-66DB-498F-9294-0F9E5A8BE8C4}.Release|Any CPU.Build.0 = Release|Any CPU
		{AA678FAE-AB05-4070-97E0-BB2C5EB3ECC5}.Debug|Any CPU.ActiveCfg = Debug|Any CPU
		{AA678FAE-AB05-4070-97E0-BB2C5EB3ECC5}.Debug|Any CPU.Build.0 = Debug|Any CPU
		{AA678FAE-AB05-4070-97E0-BB2C5EB3ECC5}.Release|Any CPU.ActiveCfg = Release|Any CPU
		{AA678FAE-AB05-4070-97E0-BB2C5EB3ECC5}.Release|Any CPU.Build.0 = Release|Any CPU
	EndGlobalSection
	GlobalSection(SolutionProperties) = preSolution
		HideSolutionNode = FALSE
	EndGlobalSection
	GlobalSection(ExtensibilityGlobals) = postSolution
		SolutionGuid = {014097A2-B477-494B-B045-6A7B9E91DAA3}
	EndGlobalSection
EndGlobal
